{
  "originHash" : "d756ce93e51a725e8cb01fd9ba09f39a73685c1d05d22d2fb02d4736e302340b",
  "pins" : [
    {
      "identity" : "lottie-spm",
      "kind" : "remoteSourceControl",
      "location" : "https://github.com/airbnb/lottie-spm.git",
      "state" : {
        "revision" : "69faaefa7721fba9e434a52c16adf4329c9084db",
        "version" : "4.6.0"
      }
    },
    {
      "identity" : "sparkle",
      "kind" : "remoteSourceControl",
      "location" : "https://github.com/sparkle-project/Sparkle.git",
      "state" : {
        "revision" : "6276ba2b404829d139c45ff98427cf90e2efc59b",
        "version" : "2.9.2"
      }
    },
    {
      "identity" : "tourkit",
      "kind" : "remoteSourceControl",
      "location" : "https://github.com/rampatra/TourKit.git",
      "state" : {
        "revision" : "0cac3a51069e105286635601e82117c195058ee9",
        "version" : "1.0.0"
      }
    }
  ],
  "version" : 3
}
